
Microsoft Visual Studio Solution File, Format Version 12.00
# Visual Studio Version 17
VisualStudioVersion = 17.13.35828.75 d17.13
MinimumVisualStudioVersion = 10.0.40219.1
Project("{FAE04EC0-301F-11D3-BF4B-00C04F79EFBC}") = "CarvillaWebApp.BL", "CarvillaWebApp.BL\CarvillaWebApp.BL.csproj", "{7445EC5D-D200-46E6-861F-647EFD2D29A7}"
EndProject
Project("{FAE04EC0-301F-11D3-BF4B-00C04F79EFBC}") = "CarvillaWebApp.DAL", "CarvillaWebApp.DAL\CarvillaWebApp.DAL.csproj", "{636D6D58-C22D-4280-99CA-7259C51B4411}"
EndProject
Project("{FAE04EC0-301F-11D3-BF4B-00C04F79EFBC}") = "CarvillaWebApp.MVC", "CarvillaWebApp.MVC\CarvillaWebApp.MVC.csproj", "{6BC8DD5E-E88E-4777-ABA9-35486119FA9F}"
EndProject
Global
	GlobalSection(SolutionConfigurationPlatforms) = preSolution
		Debug|Any CPU = Debug|Any CPU
		Release|Any CPU = Release|Any CPU
	EndGlobalSection
	GlobalSection(ProjectConfigurationPlatforms) = postSolution
		{7445EC5D-D200-46E6-861F-647EFD2D29A7}.Debug|Any CPU.ActiveCfg = Debug|Any CPU
		{7445EC5D-D200-46E6-861F-647EFD2D29A7}.Debug|Any CPU.Build.0 = Debug|Any CPU
		{7445EC5D-D200-46E6-861F-647EFD2D29A7}.Release|Any CPU.ActiveCfg = Release|Any CPU
		{7445EC5D-D200-46E6-861F-647EFD2D29A7}.Release|Any CPU.Build.0 = Release|Any CPU
		{636D6D58-C22D-4280-99CA-7259C51B4411}.Debug|Any CPU.ActiveCfg = Debug|Any CPU
		{636D6D58-C22D-4280-99CA-7259C51B4411}.Debug|Any CPU.Build.0 = Debug|Any CPU
		{636D6D58-C22D-4280-99CA-7259C51B4411}.Release|Any CPU.ActiveCfg = Release|Any CPU
		{636D6D58-C22D-4280-99CA-7259C51B4411}.Release|Any CPU.Build.0 = Release|Any CPU
		{6BC8DD5E-E88E-4777-ABA9-35486119FA9F}.Debug|Any CPU.ActiveCfg = Debug|Any CPU
		{6BC8DD5E-E88E-4777-ABA9-35486119FA9F}.Debug|Any CPU.Build.0 = Debug|Any CPU
		{6BC8DD5E-E88E-4777-ABA9-35486119FA9F}.Release|Any CPU.ActiveCfg = Release|Any CPU
		{6BC8DD5E-E88E-4777-ABA9-35486119FA9F}.Release|Any CPU.Build.0 = Release|Any CPU
	EndGlobalSection
	GlobalSection(SolutionProperties) = preSolution
		HideSolutionNode = FALSE
	EndGlobalSection
	GlobalSection(ExtensibilityGlobals) = postSolution
		SolutionGuid = {0F3F4E7C-3696-445C-9FB3-127C2784032A}
	EndGlobalSection
EndGlobal
