
Microsoft Visual Studio Solution File, Format Version 12.00
# Visual Studio Version 17
VisualStudioVersion = 17.13.35825.156 d17.13
MinimumVisualStudioVersion = 10.0.40219.1
Project("{FAE04EC0-301F-11D3-BF4B-00C04F79EFBC}") = "VillaMVC.BL", "VillaMVC.BL\VillaMVC.BL.csproj", "{CA894A7A-EB30-41C5-9517-39CC19420D95}"
EndProject
Project("{FAE04EC0-301F-11D3-BF4B-00C04F79EFBC}") = "VillaMVC.DAL", "VillaMVC.DAL\VillaMVC.DAL.csproj", "{48BA3EB6-4187-4F2D-9EFE-D18773058088}"
EndProject
Project("{FAE04EC0-301F-11D3-BF4B-00C04F79EFBC}") = "VillaMVC.PL", "VillaMVC.PL\VillaMVC.PL.csproj", "{61041D3E-E317-461A-9F09-7F2BB47429F8}"
EndProject
Global
	GlobalSection(SolutionConfigurationPlatforms) = preSolution
		Debug|Any CPU = Debug|Any CPU
		Release|Any CPU = Release|Any CPU
	EndGlobalSection
	GlobalSection(ProjectConfigurationPlatforms) = postSolution
		{CA894A7A-EB30-41C5-9517-39CC19420D95}.Debug|Any CPU.ActiveCfg = Debug|Any CPU
		{CA894A7A-EB30-41C5-9517-39CC19420D95}.Debug|Any CPU.Build.0 = Debug|Any CPU
		{CA894A7A-EB30-41C5-9517-39CC19420D95}.Release|Any CPU.ActiveCfg = Release|Any CPU
		{CA894A7A-EB30-41C5-9517-39CC19420D95}.Release|Any CPU.Build.0 = Release|Any CPU
		{48BA3EB6-4187-4F2D-9EFE-D18773058088}.Debug|Any CPU.ActiveCfg = Debug|Any CPU
		{48BA3EB6-4187-4F2D-9EFE-D18773058088}.Debug|Any CPU.Build.0 = Debug|Any CPU
		{48BA3EB6-4187-4F2D-9EFE-D18773058088}.Release|Any CPU.ActiveCfg = Release|Any CPU
		{48BA3EB6-4187-4F2D-9EFE-D18773058088}.Release|Any CPU.Build.0 = Release|Any CPU
		{61041D3E-E317-461A-9F09-7F2BB47429F8}.Debug|Any CPU.ActiveCfg = Debug|Any CPU
		{61041D3E-E317-461A-9F09-7F2BB47429F8}.Debug|Any CPU.Build.0 = Debug|Any CPU
		{61041D3E-E317-461A-9F09-7F2BB47429F8}.Release|Any CPU.ActiveCfg = Release|Any CPU
		{61041D3E-E317-461A-9F09-7F2BB47429F8}.Release|Any CPU.Build.0 = Release|Any CPU
	EndGlobalSection
	GlobalSection(SolutionProperties) = preSolution
		HideSolutionNode = FALSE
	EndGlobalSection
	GlobalSection(ExtensibilityGlobals) = postSolution
		SolutionGuid = {63C64CE1-17A9-453E-A6A5-5C2A94A6D9C3}
	EndGlobalSection
EndGlobal
