
Microsoft Visual Studio Solution File, Format Version 12.00
# Visual Studio Version 17
VisualStudioVersion = 17.13.35825.156 d17.13
MinimumVisualStudioVersion = 10.0.40219.1
Project("{FAE04EC0-301F-11D3-BF4B-00C04F79EFBC}") = "ConsoleApp5", "ConsoleApp5\ConsoleApp5.csproj", "{029002FB-7687-4B6A-8258-526171B043E2}"
EndProject
Global
	GlobalSection(SolutionConfigurationPlatforms) = preSolution
		Debug|Any CPU = Debug|Any CPU
		Release|Any CPU = Release|Any CPU
	EndGlobalSection
	GlobalSection(ProjectConfigurationPlatforms) = postSolution
		{029002FB-7687-4B6A-8258-526171B043E2}.Debug|Any CPU.ActiveCfg = Debug|Any CPU
		{029002FB-7687-4B6A-8258-526171B043E2}.Debug|Any CPU.Build.0 = Debug|Any CPU
		{029002FB-7687-4B6A-8258-526171B043E2}.Release|Any CPU.ActiveCfg = Release|Any CPU
		{029002FB-7687-4B6A-8258-526171B043E2}.Release|Any CPU.Build.0 = Release|Any CPU
	EndGlobalSection
	GlobalSection(SolutionProperties) = preSolution
		HideSolutionNode = FALSE
	EndGlobalSection
	GlobalSection(ExtensibilityGlobals) = postSolution
		SolutionGuid = {EF5101F3-C811-4D79-B758-A68B87577E56}
	EndGlobalSection
EndGlobal
