
Microsoft Visual Studio Solution File, Format Version 12.00
# Visual Studio Version 17
VisualStudioVersion = 17.13.35825.156
MinimumVisualStudioVersion = 10.0.40219.1
Project("{FAE04EC0-301F-11D3-BF4B-00C04F79EFBC}") = "FashionMVC.BL", "FashionMVC.BL\FashionMVC.BL.csproj", "{A2994186-F4A4-4FA8-A947-1E0394BF19B9}"
EndProject
Project("{FAE04EC0-301F-11D3-BF4B-00C04F79EFBC}") = "FashionMVC.DAL", "FashionMVC.DAL\FashionMVC.DAL.csproj", "{7CD62528-CFED-4E79-97AC-65C5E5111ED5}"
EndProject
Project("{FAE04EC0-301F-11D3-BF4B-00C04F79EFBC}") = "FashionMVC.MVC", "FashionMVC.MVC\FashionMVC.MVC.csproj", "{06B0B42C-1FF6-46D4-AF8F-941A8616A9D4}"
EndProject
Project("{2150E333-8FDC-42A3-9474-1A3956D46DE8}") = "Solution Items", "Solution Items", "{8EC462FD-D22E-90A8-E5CE-7E832BA40C5D}"
	ProjectSection(SolutionItems) = preProject
		LogText.txt = LogText.txt
	EndProjectSection
EndProject
Global
	GlobalSection(SolutionConfigurationPlatforms) = preSolution
		Debug|Any CPU = Debug|Any CPU
		Release|Any CPU = Release|Any CPU
	EndGlobalSection
	GlobalSection(ProjectConfigurationPlatforms) = postSolution
		{A2994186-F4A4-4FA8-A947-1E0394BF19B9}.Debug|Any CPU.ActiveCfg = Debug|Any CPU
		{A2994186-F4A4-4FA8-A947-1E0394BF19B9}.Debug|Any CPU.Build.0 = Debug|Any CPU
		{A2994186-F4A4-4FA8-A947-1E0394BF19B9}.Release|Any CPU.ActiveCfg = Release|Any CPU
		{A2994186-F4A4-4FA8-A947-1E0394BF19B9}.Release|Any CPU.Build.0 = Release|Any CPU
		{7CD62528-CFED-4E79-97AC-65C5E5111ED5}.Debug|Any CPU.ActiveCfg = Debug|Any CPU
		{7CD62528-CFED-4E79-97AC-65C5E5111ED5}.Debug|Any CPU.Build.0 = Debug|Any CPU
		{7CD62528-CFED-4E79-97AC-65C5E5111ED5}.Release|Any CPU.ActiveCfg = Release|Any CPU
		{7CD62528-CFED-4E79-97AC-65C5E5111ED5}.Release|Any CPU.Build.0 = Release|Any CPU
		{06B0B42C-1FF6-46D4-AF8F-941A8616A9D4}.Debug|Any CPU.ActiveCfg = Debug|Any CPU
		{06B0B42C-1FF6-46D4-AF8F-941A8616A9D4}.Debug|Any CPU.Build.0 = Debug|Any CPU
		{06B0B42C-1FF6-46D4-AF8F-941A8616A9D4}.Release|Any CPU.ActiveCfg = Release|Any CPU
		{06B0B42C-1FF6-46D4-AF8F-941A8616A9D4}.Release|Any CPU.Build.0 = Release|Any CPU
	EndGlobalSection
	GlobalSection(SolutionProperties) = preSolution
		HideSolutionNode = FALSE
	EndGlobalSection
	GlobalSection(ExtensibilityGlobals) = postSolution
		SolutionGuid = {BAC79CDD-0444-40D2-A94F-2C40E11C6D6D}
	EndGlobalSection
EndGlobal
