
Microsoft Visual Studio Solution File, Format Version 12.00
# Visual Studio Version 17
VisualStudioVersion = 17.13.35825.156 d17.13
MinimumVisualStudioVersion = 10.0.40219.1
Project("{FAE04EC0-301F-11D3-BF4B-00C04F79EFBC}") = "CharityMVC.BL", "CharityMVC.BL\CharityMVC.BL.csproj", "{8B0ED035-A5DF-44EB-8FEF-25802E82CBD9}"
EndProject
Project("{FAE04EC0-301F-11D3-BF4B-00C04F79EFBC}") = "CharityMVC.DAL", "CharityMVC.DAL\CharityMVC.DAL.csproj", "{8BFD8A9F-1C2C-4F15-B49A-0BCBDDE851E7}"
EndProject
Project("{FAE04EC0-301F-11D3-BF4B-00C04F79EFBC}") = "CharityMVC.MVC", "CharityMVC.MVC\CharityMVC.MVC.csproj", "{78829FF6-9B40-4AF6-A66B-8D534DBE2224}"
EndProject
Global
	GlobalSection(SolutionConfigurationPlatforms) = preSolution
		Debug|Any CPU = Debug|Any CPU
		Release|Any CPU = Release|Any CPU
	EndGlobalSection
	GlobalSection(ProjectConfigurationPlatforms) = postSolution
		{8B0ED035-A5DF-44EB-8FEF-25802E82CBD9}.Debug|Any CPU.ActiveCfg = Debug|Any CPU
		{8B0ED035-A5DF-44EB-8FEF-25802E82CBD9}.Debug|Any CPU.Build.0 = Debug|Any CPU
		{8B0ED035-A5DF-44EB-8FEF-25802E82CBD9}.Release|Any CPU.ActiveCfg = Release|Any CPU
		{8B0ED035-A5DF-44EB-8FEF-25802E82CBD9}.Release|Any CPU.Build.0 = Release|Any CPU
		{8BFD8A9F-1C2C-4F15-B49A-0BCBDDE851E7}.Debug|Any CPU.ActiveCfg = Debug|Any CPU
		{8BFD8A9F-1C2C-4F15-B49A-0BCBDDE851E7}.Debug|Any CPU.Build.0 = Debug|Any CPU
		{8BFD8A9F-1C2C-4F15-B49A-0BCBDDE851E7}.Release|Any CPU.ActiveCfg = Release|Any CPU
		{8BFD8A9F-1C2C-4F15-B49A-0BCBDDE851E7}.Release|Any CPU.Build.0 = Release|Any CPU
		{78829FF6-9B40-4AF6-A66B-8D534DBE2224}.Debug|Any CPU.ActiveCfg = Debug|Any CPU
		{78829FF6-9B40-4AF6-A66B-8D534DBE2224}.Debug|Any CPU.Build.0 = Debug|Any CPU
		{78829FF6-9B40-4AF6-A66B-8D534DBE2224}.Release|Any CPU.ActiveCfg = Release|Any CPU
		{78829FF6-9B40-4AF6-A66B-8D534DBE2224}.Release|Any CPU.Build.0 = Release|Any CPU
	EndGlobalSection
	GlobalSection(SolutionProperties) = preSolution
		HideSolutionNode = FALSE
	EndGlobalSection
	GlobalSection(ExtensibilityGlobals) = postSolution
		SolutionGuid = {4AAE29E5-E61E-4018-84BE-FA063132D4AC}
	EndGlobalSection
EndGlobal
