
Microsoft Visual Studio Solution File, Format Version 12.00
# Visual Studio Version 17
VisualStudioVersion = 17.13.35825.156 d17.13
MinimumVisualStudioVersion = 10.0.40219.1
Project("{FAE04EC0-301F-11D3-BF4B-00C04F79EFBC}") = "Scholar.BL", "Scholar.BL\Scholar.BL.csproj", "{B512860F-0468-4473-BF04-17589C6C3B0E}"
EndProject
Project("{FAE04EC0-301F-11D3-BF4B-00C04F79EFBC}") = "Scholar.DAL", "Scholar.DAL\Scholar.DAL.csproj", "{CDF0AC54-D68E-4850-8C61-7B703DD84F53}"
EndProject
Project("{FAE04EC0-301F-11D3-BF4B-00C04F79EFBC}") = "Scholar.PL", "Scholar.PL\Scholar.PL.csproj", "{56BF5E07-9852-4BBA-ACE4-672FB2090AE3}"
EndProject
Global
	GlobalSection(SolutionConfigurationPlatforms) = preSolution
		Debug|Any CPU = Debug|Any CPU
		Release|Any CPU = Release|Any CPU
	EndGlobalSection
	GlobalSection(ProjectConfigurationPlatforms) = postSolution
		{B512860F-0468-4473-BF04-17589C6C3B0E}.Debug|Any CPU.ActiveCfg = Debug|Any CPU
		{B512860F-0468-4473-BF04-17589C6C3B0E}.Debug|Any CPU.Build.0 = Debug|Any CPU
		{B512860F-0468-4473-BF04-17589C6C3B0E}.Release|Any CPU.ActiveCfg = Release|Any CPU
		{B512860F-0468-4473-BF04-17589C6C3B0E}.Release|Any CPU.Build.0 = Release|Any CPU
		{CDF0AC54-D68E-4850-8C61-7B703DD84F53}.Debug|Any CPU.ActiveCfg = Debug|Any CPU
		{CDF0AC54-D68E-4850-8C61-7B703DD84F53}.Debug|Any CPU.Build.0 = Debug|Any CPU
		{CDF0AC54-D68E-4850-8C61-7B703DD84F53}.Release|Any CPU.ActiveCfg = Release|Any CPU
		{CDF0AC54-D68E-4850-8C61-7B703DD84F53}.Release|Any CPU.Build.0 = Release|Any CPU
		{56BF5E07-9852-4BBA-ACE4-672FB2090AE3}.Debug|Any CPU.ActiveCfg = Debug|Any CPU
		{56BF5E07-9852-4BBA-ACE4-672FB2090AE3}.Debug|Any CPU.Build.0 = Debug|Any CPU
		{56BF5E07-9852-4BBA-ACE4-672FB2090AE3}.Release|Any CPU.ActiveCfg = Release|Any CPU
		{56BF5E07-9852-4BBA-ACE4-672FB2090AE3}.Release|Any CPU.Build.0 = Release|Any CPU
	EndGlobalSection
	GlobalSection(SolutionProperties) = preSolution
		HideSolutionNode = FALSE
	EndGlobalSection
	GlobalSection(ExtensibilityGlobals) = postSolution
		SolutionGuid = {ADEFA41B-4BF2-45E2-802C-5A541E1C8602}
	EndGlobalSection
EndGlobal
